
Microsoft Visual Studio Solution File, Format Version 12.00
# Visual Studio Version 17
VisualStudioVersion = 17.1.32328.378
MinimumVisualStudioVersion = 10.0.40219.1
Project("{9A19103F-16F7-4668-BE54-9A1E7A4F7556}") = "LibraryApp", "LibraryApp.csproj", "{593C1153-7CEF-4C16-8911-8129104BCDB2}"
EndProject
Project("{9A19103F-16F7-4668-BE54-9A1E7A4F7556}") = "Entities", "..\Entities\Entities.csproj", "{CA89F2CD-5A4D-4263-93D4-AC9991CC4B43}"
EndProject
Project("{9A19103F-16F7-4668-BE54-9A1E7A4F7556}") = "EmailService", "..\EmailService\EmailService.csproj", "{2C7C90CF-9758-4C11-9AB4-1E7A48BF2A04}"
EndProject
Project("{FAE04EC0-301F-11D3-BF4B-00C04F79EFBC}") = "MovieAPI", "..\MovieAPI\MovieAPI.csproj", "{6B88C5E0-785D-4AAE-B497-845B9C036C61}"
EndProject
Global
	GlobalSection(SolutionConfigurationPlatforms) = preSolution
		Debug|Any CPU = Debug|Any CPU
		Release|Any CPU = Release|Any CPU
	EndGlobalSection
	GlobalSection(ProjectConfigurationPlatforms) = postSolution
		{593C1153-7CEF-4C16-8911-8129104BCDB2}.Debug|Any CPU.ActiveCfg = Debug|Any CPU
		{593C1153-7CEF-4C16-8911-8129104BCDB2}.Debug|Any CPU.Build.0 = Debug|Any CPU
		{593C1153-7CEF-4C16-8911-8129104BCDB2}.Release|Any CPU.ActiveCfg = Release|Any CPU
		{593C1153-7CEF-4C16-8911-8129104BCDB2}.Release|Any CPU.Build.0 = Release|Any CPU
		{CA89F2CD-5A4D-4263-93D4-AC9991CC4B43}.Debug|Any CPU.ActiveCfg = Debug|Any CPU
		{CA89F2CD-5A4D-4263-93D4-AC9991CC4B43}.Debug|Any CPU.Build.0 = Debug|Any CPU
		{CA89F2CD-5A4D-4263-93D4-AC9991CC4B43}.Release|Any CPU.ActiveCfg = Release|Any CPU
		{CA89F2CD-5A4D-4263-93D4-AC9991CC4B43}.Release|Any CPU.Build.0 = Release|Any CPU
		{2C7C90CF-9758-4C11-9AB4-1E7A48BF2A04}.Debug|Any CPU.ActiveCfg = Debug|Any CPU
		{2C7C90CF-9758-4C11-9AB4-1E7A48BF2A04}.Debug|Any CPU.Build.0 = Debug|Any CPU
		{2C7C90CF-9758-4C11-9AB4-1E7A48BF2A04}.Release|Any CPU.ActiveCfg = Release|Any CPU
		{2C7C90CF-9758-4C11-9AB4-1E7A48BF2A04}.Release|Any CPU.Build.0 = Release|Any CPU
		{6B88C5E0-785D-4AAE-B497-845B9C036C61}.Debug|Any CPU.ActiveCfg = Debug|Any CPU
		{6B88C5E0-785D-4AAE-B497-845B9C036C61}.Debug|Any CPU.Build.0 = Debug|Any CPU
		{6B88C5E0-785D-4AAE-B497-845B9C036C61}.Release|Any CPU.ActiveCfg = Release|Any CPU
		{6B88C5E0-785D-4AAE-B497-845B9C036C61}.Release|Any CPU.Build.0 = Release|Any CPU
	EndGlobalSection
	GlobalSection(SolutionProperties) = preSolution
		HideSolutionNode = FALSE
	EndGlobalSection
	GlobalSection(ExtensibilityGlobals) = postSolution
		SolutionGuid = {83F0AB9C-F14D-4FEF-B383-FB04FA3B4546}
	EndGlobalSection
EndGlobal
